
Microsoft Visual Studio Solution File, Format Version 12.00
# Visual Studio Version 17
VisualStudioVersion = 17.7.34031.279
MinimumVisualStudioVersion = 10.0.40219.1
Project("{FAE04EC0-301F-11D3-BF4B-00C04F79EFBC}") = "PrimerParcial", "PrimerParcial\PrimerParcial.csproj", "{D1ECF1AE-B652-4C7B-AF24-3EBC7F1DCEED}"
EndProject
Project("{9A19103F-16F7-4668-BE54-9A1E7A4F7556}") = "WinFormsEmpleados", "WinFormsEmpleados\WinFormsEmpleados.csproj", "{ABA4C62D-722E-4EBF-8448-C47572101A39}"
EndProject
Global
	GlobalSection(SolutionConfigurationPlatforms) = preSolution
		Debug|Any CPU = Debug|Any CPU
		Release|Any CPU = Release|Any CPU
	EndGlobalSection
	GlobalSection(ProjectConfigurationPlatforms) = postSolution
		{D1ECF1AE-B652-4C7B-AF24-3EBC7F1DCEED}.Debug|Any CPU.ActiveCfg = Debug|Any CPU
		{D1ECF1AE-B652-4C7B-AF24-3EBC7F1DCEED}.Debug|Any CPU.Build.0 = Debug|Any CPU
		{D1ECF1AE-B652-4C7B-AF24-3EBC7F1DCEED}.Release|Any CPU.ActiveCfg = Release|Any CPU
		{D1ECF1AE-B652-4C7B-AF24-3EBC7F1DCEED}.Release|Any CPU.Build.0 = Release|Any CPU
		{ABA4C62D-722E-4EBF-8448-C47572101A39}.Debug|Any CPU.ActiveCfg = Debug|Any CPU
		{ABA4C62D-722E-4EBF-8448-C47572101A39}.Debug|Any CPU.Build.0 = Debug|Any CPU
		{ABA4C62D-722E-4EBF-8448-C47572101A39}.Release|Any CPU.ActiveCfg = Release|Any CPU
		{ABA4C62D-722E-4EBF-8448-C47572101A39}.Release|Any CPU.Build.0 = Release|Any CPU
	EndGlobalSection
	GlobalSection(SolutionProperties) = preSolution
		HideSolutionNode = FALSE
	EndGlobalSection
	GlobalSection(ExtensibilityGlobals) = postSolution
		SolutionGuid = {47DBA210-B58E-4AD2-B86B-F906C026B09E}
	EndGlobalSection
EndGlobal
